
Microsoft Visual Studio Solution File, Format Version 12.00
# Visual Studio Version 16
VisualStudioVersion = 16.0.31205.134
MinimumVisualStudioVersion = 10.0.40219.1
Project("{FAE04EC0-301F-11D3-BF4B-00C04F79EFBC}") = "RaceGameDesignPattern", "RaceGameDesignPattern\RaceGameDesignPattern.csproj", "{C99A6116-AE82-4C28-93B0-EBD7EC048E36}"
EndProject
Global
	GlobalSection(SolutionConfigurationPlatforms) = preSolution
		Debug|Any CPU = Debug|Any CPU
		Release|Any CPU = Release|Any CPU
	EndGlobalSection
	GlobalSection(ProjectConfigurationPlatforms) = postSolution
		{C99A6116-AE82-4C28-93B0-EBD7EC048E36}.Debug|Any CPU.ActiveCfg = Debug|Any CPU
		{C99A6116-AE82-4C28-93B0-EBD7EC048E36}.Debug|Any CPU.Build.0 = Debug|Any CPU
		{C99A6116-AE82-4C28-93B0-EBD7EC048E36}.Release|Any CPU.ActiveCfg = Release|Any CPU
		{C99A6116-AE82-4C28-93B0-EBD7EC048E36}.Release|Any CPU.Build.0 = Release|Any CPU
	EndGlobalSection
	GlobalSection(SolutionProperties) = preSolution
		HideSolutionNode = FALSE
	EndGlobalSection
	GlobalSection(ExtensibilityGlobals) = postSolution
		SolutionGuid = {16EB8E06-48BD-45CF-9F4E-F3D53C3D5BBB}
	EndGlobalSection
EndGlobal
